
Microsoft Visual Studio Solution File, Format Version 12.00
# Visual Studio Version 16
VisualStudioVersion = 16.0.31321.278
MinimumVisualStudioVersion = 10.0.40219.1
Project("{FAE04EC0-301F-11D3-BF4B-00C04F79EFBC}") = "FirstWorker", "FirstWorker\FirstWorker.csproj", "{15B7401F-A7F8-454F-951A-F02C5023F266}"
EndProject
Global
	GlobalSection(SolutionConfigurationPlatforms) = preSolution
		Debug|Any CPU = Debug|Any CPU
		Release|Any CPU = Release|Any CPU
	EndGlobalSection
	GlobalSection(ProjectConfigurationPlatforms) = postSolution
		{15B7401F-A7F8-454F-951A-F02C5023F266}.Debug|Any CPU.ActiveCfg = Debug|Any CPU
		{15B7401F-A7F8-454F-951A-F02C5023F266}.Debug|Any CPU.Build.0 = Debug|Any CPU
		{15B7401F-A7F8-454F-951A-F02C5023F266}.Release|Any CPU.ActiveCfg = Release|Any CPU
		{15B7401F-A7F8-454F-951A-F02C5023F266}.Release|Any CPU.Build.0 = Release|Any CPU
	EndGlobalSection
	GlobalSection(SolutionProperties) = preSolution
		HideSolutionNode = FALSE
	EndGlobalSection
	GlobalSection(ExtensibilityGlobals) = postSolution
		SolutionGuid = {2CC5D89D-A449-47C3-BAC2-F98E51FB56AB}
	EndGlobalSection
EndGlobal
